
Microsoft Visual Studio Solution File, Format Version 12.00
# Visual Studio 2013
VisualStudioVersion = 12.0.31101.0
MinimumVisualStudioVersion = 10.0.40219.1
Project("{FAE04EC0-301F-11D3-BF4B-00C04F79EFBC}") = "crds-angular", "crds-angular\crds-angular.csproj", "{DC3B7EDC-2B9A-49F4-A5C8-50BA4C3E2A7B}"
EndProject
Project("{FAE04EC0-301F-11D3-BF4B-00C04F79EFBC}") = "crds-angular.test", "crds-angular.test\crds-angular.test.csproj", "{368FB290-D986-4CB5-8A29-F3BB9E41030C}"
EndProject
Project("{2150E333-8FDC-42A3-9474-1A3956D46DE8}") = ".nuget", ".nuget", "{E8D9D79D-962C-4A91-A678-B4E6AD0C3CFB}"
	ProjectSection(SolutionItems) = preProject
		.nuget\NuGet.Config = .nuget\NuGet.Config
		.nuget\NuGet.exe = .nuget\NuGet.exe
		.nuget\NuGet.targets = .nuget\NuGet.targets
	EndProjectSection
EndProject
Project("{FAE04EC0-301F-11D3-BF4B-00C04F79EFBC}") = "MinistryPlatform.Translation", "MinistryPlatform.Translation\MinistryPlatform.Translation.csproj", "{CC650D93-731C-4613-B358-FB4C76237455}"
EndProject
Project("{FAE04EC0-301F-11D3-BF4B-00C04F79EFBC}") = "MinistryPlatform.Translation.Test", "MinistryPlatform.Translation.Test\MinistryPlatform.Translation.Test.csproj", "{B8EF01EE-DFB9-4162-A485-46EC2CB03B34}"
EndProject
Project("{FAE04EC0-301F-11D3-BF4B-00C04F79EFBC}") = "MinistryPlatform.Models", "MinistryPlatform.Models\MinistryPlatform.Models.csproj", "{CD41507E-91AC-4C60-96E2-5CAC25F49A76}"
EndProject
Project("{FAE04EC0-301F-11D3-BF4B-00C04F79EFBC}") = "Crossroads.Utilities", "Crossroads.Utilities\Crossroads.Utilities.csproj", "{61238A82-D410-4330-BD25-889239FC7873}"
EndProject
Project("{FAE04EC0-301F-11D3-BF4B-00C04F79EFBC}") = "Crossroads.Utilities.Test", "Crossroads.Utilities.Test\Crossroads.Utilities.Test.csproj", "{EF27AE14-DE4B-4F98-81F1-F16A9B00592B}"
EndProject
Project("{FAE04EC0-301F-11D3-BF4B-00C04F79EFBC}") = "Crossroads.AsyncJobs", "Crossroads.AsyncJobs\Crossroads.AsyncJobs.csproj", "{D27EF73B-2BD5-42C8-B924-70B6312A8BB7}"
EndProject
Project("{FAE04EC0-301F-11D3-BF4B-00C04F79EFBC}") = "Crossroads.AsyncJobs.Test", "Crossroads.AsyncJobs.Test\Crossroads.AsyncJobs.Test.csproj", "{B343A60C-8448-4F8C-AC73-EF4DE7188FC2}"
	ProjectSection(ProjectDependencies) = postProject
		{CD41507E-91AC-4C60-96E2-5CAC25F49A76} = {CD41507E-91AC-4C60-96E2-5CAC25F49A76}
		{CC650D93-731C-4613-B358-FB4C76237455} = {CC650D93-731C-4613-B358-FB4C76237455}
	EndProjectSection
EndProject
Project("{FAE04EC0-301F-11D3-BF4B-00C04F79EFBC}") = "Crossroads.ChildcareRsvp", "Crossroads.ChildcareRsvp\Crossroads.ChildcareRsvp.csproj", "{E88198E2-AEEC-45AB-B3FB-20CC8D44A38C}"
EndProject
Project("{FAE04EC0-301F-11D3-BF4B-00C04F79EFBC}") = "Crossroads.BulkEmailSync", "Crossroads.BulkEmailSync\Crossroads.BulkEmailSync.csproj", "{585BA6FC-7F53-4AEE-A122-E4392D9436A8}"
EndProject
Project("{FAE04EC0-301F-11D3-BF4B-00C04F79EFBC}") = "Crossroads.EventReminder", "EventReminder\Crossroads.EventReminder.csproj", "{13B48D32-0626-4897-9B9C-03F921365F99}"
EndProject
Global
	GlobalSection(SolutionConfigurationPlatforms) = preSolution
		Debug|Any CPU = Debug|Any CPU
		Demo|Any CPU = Demo|Any CPU
		Integration|Any CPU = Integration|Any CPU
		Release|Any CPU = Release|Any CPU
	EndGlobalSection
	GlobalSection(ProjectConfigurationPlatforms) = postSolution
		{DC3B7EDC-2B9A-49F4-A5C8-50BA4C3E2A7B}.Debug|Any CPU.ActiveCfg = Debug|Any CPU
		{DC3B7EDC-2B9A-49F4-A5C8-50BA4C3E2A7B}.Debug|Any CPU.Build.0 = Debug|Any CPU
		{DC3B7EDC-2B9A-49F4-A5C8-50BA4C3E2A7B}.Demo|Any CPU.ActiveCfg = Demo|Any CPU
		{DC3B7EDC-2B9A-49F4-A5C8-50BA4C3E2A7B}.Demo|Any CPU.Build.0 = Demo|Any CPU
		{DC3B7EDC-2B9A-49F4-A5C8-50BA4C3E2A7B}.Integration|Any CPU.ActiveCfg = Integration|Any CPU
		{DC3B7EDC-2B9A-49F4-A5C8-50BA4C3E2A7B}.Integration|Any CPU.Build.0 = Integration|Any CPU
		{DC3B7EDC-2B9A-49F4-A5C8-50BA4C3E2A7B}.Release|Any CPU.ActiveCfg = Release|Any CPU
		{DC3B7EDC-2B9A-49F4-A5C8-50BA4C3E2A7B}.Release|Any CPU.Build.0 = Release|Any CPU
		{368FB290-D986-4CB5-8A29-F3BB9E41030C}.Debug|Any CPU.ActiveCfg = Debug|Any CPU
		{368FB290-D986-4CB5-8A29-F3BB9E41030C}.Debug|Any CPU.Build.0 = Debug|Any CPU
		{368FB290-D986-4CB5-8A29-F3BB9E41030C}.Demo|Any CPU.ActiveCfg = Demo|Any CPU
		{368FB290-D986-4CB5-8A29-F3BB9E41030C}.Demo|Any CPU.Build.0 = Demo|Any CPU
		{368FB290-D986-4CB5-8A29-F3BB9E41030C}.Integration|Any CPU.ActiveCfg = Integration|Any CPU
		{368FB290-D986-4CB5-8A29-F3BB9E41030C}.Integration|Any CPU.Build.0 = Integration|Any CPU
		{368FB290-D986-4CB5-8A29-F3BB9E41030C}.Release|Any CPU.ActiveCfg = Release|Any CPU
		{368FB290-D986-4CB5-8A29-F3BB9E41030C}.Release|Any CPU.Build.0 = Release|Any CPU
		{CC650D93-731C-4613-B358-FB4C76237455}.Debug|Any CPU.ActiveCfg = Debug|Any CPU
		{CC650D93-731C-4613-B358-FB4C76237455}.Debug|Any CPU.Build.0 = Debug|Any CPU
		{CC650D93-731C-4613-B358-FB4C76237455}.Demo|Any CPU.ActiveCfg = Demo|Any CPU
		{CC650D93-731C-4613-B358-FB4C76237455}.Demo|Any CPU.Build.0 = Demo|Any CPU
		{CC650D93-731C-4613-B358-FB4C76237455}.Integration|Any CPU.ActiveCfg = Integration|Any CPU
		{CC650D93-731C-4613-B358-FB4C76237455}.Integration|Any CPU.Build.0 = Integration|Any CPU
		{CC650D93-731C-4613-B358-FB4C76237455}.Release|Any CPU.ActiveCfg = Release|Any CPU
		{CC650D93-731C-4613-B358-FB4C76237455}.Release|Any CPU.Build.0 = Release|Any CPU
		{B8EF01EE-DFB9-4162-A485-46EC2CB03B34}.Debug|Any CPU.ActiveCfg = Debug|Any CPU
		{B8EF01EE-DFB9-4162-A485-46EC2CB03B34}.Debug|Any CPU.Build.0 = Debug|Any CPU
		{B8EF01EE-DFB9-4162-A485-46EC2CB03B34}.Demo|Any CPU.ActiveCfg = Demo|Any CPU
		{B8EF01EE-DFB9-4162-A485-46EC2CB03B34}.Demo|Any CPU.Build.0 = Demo|Any CPU
		{B8EF01EE-DFB9-4162-A485-46EC2CB03B34}.Integration|Any CPU.ActiveCfg = Integration|Any CPU
		{B8EF01EE-DFB9-4162-A485-46EC2CB03B34}.Integration|Any CPU.Build.0 = Integration|Any CPU
		{B8EF01EE-DFB9-4162-A485-46EC2CB03B34}.Release|Any CPU.ActiveCfg = Release|Any CPU
		{B8EF01EE-DFB9-4162-A485-46EC2CB03B34}.Release|Any CPU.Build.0 = Release|Any CPU
		{CD41507E-91AC-4C60-96E2-5CAC25F49A76}.Debug|Any CPU.ActiveCfg = Debug|Any CPU
		{CD41507E-91AC-4C60-96E2-5CAC25F49A76}.Debug|Any CPU.Build.0 = Debug|Any CPU
		{CD41507E-91AC-4C60-96E2-5CAC25F49A76}.Demo|Any CPU.ActiveCfg = Demo|Any CPU
		{CD41507E-91AC-4C60-96E2-5CAC25F49A76}.Demo|Any CPU.Build.0 = Demo|Any CPU
		{CD41507E-91AC-4C60-96E2-5CAC25F49A76}.Integration|Any CPU.ActiveCfg = Integration|Any CPU
		{CD41507E-91AC-4C60-96E2-5CAC25F49A76}.Integration|Any CPU.Build.0 = Integration|Any CPU
		{CD41507E-91AC-4C60-96E2-5CAC25F49A76}.Release|Any CPU.ActiveCfg = Release|Any CPU
		{CD41507E-91AC-4C60-96E2-5CAC25F49A76}.Release|Any CPU.Build.0 = Release|Any CPU
		{61238A82-D410-4330-BD25-889239FC7873}.Debug|Any CPU.ActiveCfg = Debug|Any CPU
		{61238A82-D410-4330-BD25-889239FC7873}.Debug|Any CPU.Build.0 = Debug|Any CPU
		{61238A82-D410-4330-BD25-889239FC7873}.Demo|Any CPU.ActiveCfg = Demo|Any CPU
		{61238A82-D410-4330-BD25-889239FC7873}.Demo|Any CPU.Build.0 = Demo|Any CPU
		{61238A82-D410-4330-BD25-889239FC7873}.Integration|Any CPU.ActiveCfg = Integration|Any CPU
		{61238A82-D410-4330-BD25-889239FC7873}.Integration|Any CPU.Build.0 = Integration|Any CPU
		{61238A82-D410-4330-BD25-889239FC7873}.Release|Any CPU.ActiveCfg = Release|Any CPU
		{61238A82-D410-4330-BD25-889239FC7873}.Release|Any CPU.Build.0 = Release|Any CPU
		{EF27AE14-DE4B-4F98-81F1-F16A9B00592B}.Debug|Any CPU.ActiveCfg = Debug|Any CPU
		{EF27AE14-DE4B-4F98-81F1-F16A9B00592B}.Debug|Any CPU.Build.0 = Debug|Any CPU
		{EF27AE14-DE4B-4F98-81F1-F16A9B00592B}.Demo|Any CPU.ActiveCfg = Demo|Any CPU
		{EF27AE14-DE4B-4F98-81F1-F16A9B00592B}.Demo|Any CPU.Build.0 = Demo|Any CPU
		{EF27AE14-DE4B-4F98-81F1-F16A9B00592B}.Integration|Any CPU.ActiveCfg = Integration|Any CPU
		{EF27AE14-DE4B-4F98-81F1-F16A9B00592B}.Integration|Any CPU.Build.0 = Integration|Any CPU
		{EF27AE14-DE4B-4F98-81F1-F16A9B00592B}.Release|Any CPU.ActiveCfg = Release|Any CPU
		{EF27AE14-DE4B-4F98-81F1-F16A9B00592B}.Release|Any CPU.Build.0 = Release|Any CPU
		{D27EF73B-2BD5-42C8-B924-70B6312A8BB7}.Debug|Any CPU.ActiveCfg = Debug|Any CPU
		{D27EF73B-2BD5-42C8-B924-70B6312A8BB7}.Debug|Any CPU.Build.0 = Debug|Any CPU
		{D27EF73B-2BD5-42C8-B924-70B6312A8BB7}.Demo|Any CPU.ActiveCfg = Demo|Any CPU
		{D27EF73B-2BD5-42C8-B924-70B6312A8BB7}.Demo|Any CPU.Build.0 = Demo|Any CPU
		{D27EF73B-2BD5-42C8-B924-70B6312A8BB7}.Integration|Any CPU.ActiveCfg = Integration|Any CPU
		{D27EF73B-2BD5-42C8-B924-70B6312A8BB7}.Integration|Any CPU.Build.0 = Integration|Any CPU
		{D27EF73B-2BD5-42C8-B924-70B6312A8BB7}.Release|Any CPU.ActiveCfg = Release|Any CPU
		{D27EF73B-2BD5-42C8-B924-70B6312A8BB7}.Release|Any CPU.Build.0 = Release|Any CPU
		{B343A60C-8448-4F8C-AC73-EF4DE7188FC2}.Debug|Any CPU.ActiveCfg = Debug|Any CPU
		{B343A60C-8448-4F8C-AC73-EF4DE7188FC2}.Debug|Any CPU.Build.0 = Debug|Any CPU
		{B343A60C-8448-4F8C-AC73-EF4DE7188FC2}.Demo|Any CPU.ActiveCfg = Demo|Any CPU
		{B343A60C-8448-4F8C-AC73-EF4DE7188FC2}.Demo|Any CPU.Build.0 = Demo|Any CPU
		{B343A60C-8448-4F8C-AC73-EF4DE7188FC2}.Integration|Any CPU.ActiveCfg = Integration|Any CPU
		{B343A60C-8448-4F8C-AC73-EF4DE7188FC2}.Integration|Any CPU.Build.0 = Integration|Any CPU
		{B343A60C-8448-4F8C-AC73-EF4DE7188FC2}.Release|Any CPU.ActiveCfg = Release|Any CPU
		{B343A60C-8448-4F8C-AC73-EF4DE7188FC2}.Release|Any CPU.Build.0 = Release|Any CPU
		{E88198E2-AEEC-45AB-B3FB-20CC8D44A38C}.Debug|Any CPU.ActiveCfg = Debug|Any CPU
		{E88198E2-AEEC-45AB-B3FB-20CC8D44A38C}.Debug|Any CPU.Build.0 = Debug|Any CPU
		{E88198E2-AEEC-45AB-B3FB-20CC8D44A38C}.Demo|Any CPU.ActiveCfg = Demo|Any CPU
		{E88198E2-AEEC-45AB-B3FB-20CC8D44A38C}.Demo|Any CPU.Build.0 = Demo|Any CPU
		{E88198E2-AEEC-45AB-B3FB-20CC8D44A38C}.Integration|Any CPU.ActiveCfg = Integration|Any CPU
		{E88198E2-AEEC-45AB-B3FB-20CC8D44A38C}.Integration|Any CPU.Build.0 = Integration|Any CPU
		{E88198E2-AEEC-45AB-B3FB-20CC8D44A38C}.Release|Any CPU.ActiveCfg = Release|Any CPU
		{E88198E2-AEEC-45AB-B3FB-20CC8D44A38C}.Release|Any CPU.Build.0 = Release|Any CPU
		{585BA6FC-7F53-4AEE-A122-E4392D9436A8}.Debug|Any CPU.ActiveCfg = Debug|Any CPU
		{585BA6FC-7F53-4AEE-A122-E4392D9436A8}.Debug|Any CPU.Build.0 = Debug|Any CPU
		{585BA6FC-7F53-4AEE-A122-E4392D9436A8}.Demo|Any CPU.ActiveCfg = Demo|Any CPU
		{585BA6FC-7F53-4AEE-A122-E4392D9436A8}.Demo|Any CPU.Build.0 = Demo|Any CPU
		{585BA6FC-7F53-4AEE-A122-E4392D9436A8}.Integration|Any CPU.ActiveCfg = Integration|Any CPU
		{585BA6FC-7F53-4AEE-A122-E4392D9436A8}.Integration|Any CPU.Build.0 = Integration|Any CPU
		{585BA6FC-7F53-4AEE-A122-E4392D9436A8}.Release|Any CPU.ActiveCfg = Release|Any CPU
		{585BA6FC-7F53-4AEE-A122-E4392D9436A8}.Release|Any CPU.Build.0 = Release|Any CPU
		{13B48D32-0626-4897-9B9C-03F921365F99}.Debug|Any CPU.ActiveCfg = Debug|Any CPU
		{13B48D32-0626-4897-9B9C-03F921365F99}.Debug|Any CPU.Build.0 = Debug|Any CPU
		{13B48D32-0626-4897-9B9C-03F921365F99}.Demo|Any CPU.ActiveCfg = Debug|Any CPU
		{13B48D32-0626-4897-9B9C-03F921365F99}.Demo|Any CPU.Build.0 = Debug|Any CPU
		{13B48D32-0626-4897-9B9C-03F921365F99}.Integration|Any CPU.ActiveCfg = Release|Any CPU
		{13B48D32-0626-4897-9B9C-03F921365F99}.Integration|Any CPU.Build.0 = Release|Any CPU
		{13B48D32-0626-4897-9B9C-03F921365F99}.Release|Any CPU.ActiveCfg = Release|Any CPU
		{13B48D32-0626-4897-9B9C-03F921365F99}.Release|Any CPU.Build.0 = Release|Any CPU
	EndGlobalSection
	GlobalSection(SolutionProperties) = preSolution
		HideSolutionNode = FALSE
	EndGlobalSection
EndGlobal
